{
	"name": "song-harvester",
	"version": "1.0.0",
	"lockfileVersion": 3,
	"requires": true,
	"packages": {
		"": {
			"name": "song-harvester",
			"version": "1.0.0",
			"hasInstallScript": true,
			"dependencies": {
				"song-harvester": "file:"
			}
		},
		"node_modules/song-harvester": {
			"resolved": "",
			"link": true
		}
	}
}
